// !$*UTF8*$!
{
	archiveVersion = 1;
	classes = {
	};
	objectVersion = 46;
	objects = {

/* Begin PBXBuildFile section */
		D10399091B0D7B0C00973E53 /* IntroViewController.swift in Sources */ = {isa = PBXBuildFile; fileRef = D10399051B0D7B0C00973E53 /* IntroViewController.swift */; };
		D103990A1B0D7B0C00973E53 /* LoginViewController.swift in Sources */ = {isa = PBXBuildFile; fileRef = D10399061B0D7B0C00973E53 /* LoginViewController.swift */; };
		D103990B1B0D7B0C00973E53 /* MainViewController.swift in Sources */ = {isa = PBXBuildFile; fileRef = D10399071B0D7B0C00973E53 /* MainViewController.swift */; };
		D103990C1B0D7B0C00973E53 /* ViewController.swift in Sources */ = {isa = PBXBuildFile; fileRef = D10399081B0D7B0C00973E53 /* ViewController.swift */; };
		D10399461B0DA8C300973E53 /* actionbar_back_icon_off.png in Resources */ = {isa = PBXBuildFile; fileRef = D103991C1B0DA8C300973E53 /* actionbar_back_icon_off.png */; };
		D10399471B0DA8C300973E53 /* actionbar_back_icon_on.png in Resources */ = {isa = PBXBuildFile; fileRef = D103991D1B0DA8C300973E53 /* actionbar_back_icon_on.png */; };
		D10399481B0DA8C300973E53 /* actionbar_bg.png in Resources */ = {isa = PBXBuildFile; fileRef = D103991E1B0DA8C300973E53 /* actionbar_bg.png */; };
		D10399491B0DA8C300973E53 /* actionbar_faster_icon.png in Resources */ = {isa = PBXBuildFile; fileRef = D103991F1B0DA8C300973E53 /* actionbar_faster_icon.png */; };
		D103994A1B0DA8C300973E53 /* actionbar_helpdesk_icon.png in Resources */ = {isa = PBXBuildFile; fileRef = D10399201B0DA8C300973E53 /* actionbar_helpdesk_icon.png */; };
		D103994B1B0DA8C300973E53 /* actionbar_home_icon.png in Resources */ = {isa = PBXBuildFile; fileRef = D10399211B0DA8C300973E53 /* actionbar_home_icon.png */; };
		D103994C1B0DA8C300973E53 /* actionbar_login_icon.png in Resources */ = {isa = PBXBuildFile; fileRef = D10399221B0DA8C300973E53 /* actionbar_login_icon.png */; };
		D103994D1B0DA8C300973E53 /* actionbar_map_icon_off.png in Resources */ = {isa = PBXBuildFile; fileRef = D10399231B0DA8C300973E53 /* actionbar_map_icon_off.png */; };
		D103994E1B0DA8C300973E53 /* actionbar_map_icon_on.png in Resources */ = {isa = PBXBuildFile; fileRef = D10399241B0DA8C300973E53 /* actionbar_map_icon_on.png */; };
		D103994F1B0DA8C300973E53 /* actionbar_menu_icon_off.png in Resources */ = {isa = PBXBuildFile; fileRef = D10399251B0DA8C300973E53 /* actionbar_menu_icon_off.png */; };
		D10399501B0DA8C300973E53 /* actionbar_menu_icon_on.png in Resources */ = {isa = PBXBuildFile; fileRef = D10399261B0DA8C300973E53 /* actionbar_menu_icon_on.png */; };
		D10399511B0DA8C300973E53 /* actionbar_modify_icon.png in Resources */ = {isa = PBXBuildFile; fileRef = D10399271B0DA8C300973E53 /* actionbar_modify_icon.png */; };
		D10399521B0DA8C300973E53 /* actionbar_please_icon_on.png in Resources */ = {isa = PBXBuildFile; fileRef = D10399281B0DA8C300973E53 /* actionbar_please_icon_on.png */; };
		D10399531B0DA8C300973E53 /* actionbar_quick_icon_on.png in Resources */ = {isa = PBXBuildFile; fileRef = D10399291B0DA8C300973E53 /* actionbar_quick_icon_on.png */; };
		D10399541B0DA8C300973E53 /* actionbar_search_icon_off.png in Resources */ = {isa = PBXBuildFile; fileRef = D103992A1B0DA8C300973E53 /* actionbar_search_icon_off.png */; };
		D10399551B0DA8C300973E53 /* actionbar_search_icon_on.png in Resources */ = {isa = PBXBuildFile; fileRef = D103992B1B0DA8C300973E53 /* actionbar_search_icon_on.png */; };
		D10399561B0DA8C300973E53 /* actionbar_setting_icon.png in Resources */ = {isa = PBXBuildFile; fileRef = D103992C1B0DA8C300973E53 /* actionbar_setting_icon.png */; };
		D10399571B0DA8C300973E53 /* actionbar_side_bg.png in Resources */ = {isa = PBXBuildFile; fileRef = D103992D1B0DA8C300973E53 /* actionbar_side_bg.png */; };
		D10399581B0DA8C300973E53 /* actionbar_side_bg_dim.png in Resources */ = {isa = PBXBuildFile; fileRef = D103992E1B0DA8C300973E53 /* actionbar_side_bg_dim.png */; };
		D10399591B0DA8C300973E53 /* actionbar_side_btn_on.png in Resources */ = {isa = PBXBuildFile; fileRef = D103992F1B0DA8C300973E53 /* actionbar_side_btn_on.png */; };
		D103995A1B0DA8C300973E53 /* actionvar_side_underline_bar.png in Resources */ = {isa = PBXBuildFile; fileRef = D10399301B0DA8C300973E53 /* actionvar_side_underline_bar.png */; };
		D103995B1B0DA8C300973E53 /* intro_main_1.png in Resources */ = {isa = PBXBuildFile; fileRef = D10399321B0DA8C300973E53 /* intro_main_1.png */; };
		D103995C1B0DA8C300973E53 /* intro_main_2.png in Resources */ = {isa = PBXBuildFile; fileRef = D10399331B0DA8C300973E53 /* intro_main_2.png */; };
		D103995D1B0DA8C300973E53 /* intro_main_3.png in Resources */ = {isa = PBXBuildFile; fileRef = D10399341B0DA8C300973E53 /* intro_main_3.png */; };
		D103995E1B0DA8C300973E53 /* intro_main_4.png in Resources */ = {isa = PBXBuildFile; fileRef = D10399351B0DA8C300973E53 /* intro_main_4.png */; };
		D103995F1B0DA8C300973E53 /* login_view_1.png in Resources */ = {isa = PBXBuildFile; fileRef = D10399361B0DA8C300973E53 /* login_view_1.png */; };
		D10399601B0DA8C300973E53 /* arrive_setting.9.png in Resources */ = {isa = PBXBuildFile; fileRef = D10399381B0DA8C300973E53 /* arrive_setting.9.png */; };
		D10399611B0DA8C300973E53 /* bike_icon.png in Resources */ = {isa = PBXBuildFile; fileRef = D10399391B0DA8C300973E53 /* bike_icon.png */; };
		D10399621B0DA8C300973E53 /* car_icon.png in Resources */ = {isa = PBXBuildFile; fileRef = D103993A1B0DA8C300973E53 /* car_icon.png */; };
		D10399631B0DA8C300973E53 /* marker_from.png in Resources */ = {isa = PBXBuildFile; fileRef = D103993B1B0DA8C300973E53 /* marker_from.png */; };
		D10399641B0DA8C300973E53 /* marker_quick.png in Resources */ = {isa = PBXBuildFile; fileRef = D103993C1B0DA8C300973E53 /* marker_quick.png */; };
		D10399651B0DA8C300973E53 /* marker_to.png in Resources */ = {isa = PBXBuildFile; fileRef = D103993D1B0DA8C300973E53 /* marker_to.png */; };
		D10399661B0DA8C300973E53 /* mover_icon.png in Resources */ = {isa = PBXBuildFile; fileRef = D103993E1B0DA8C300973E53 /* mover_icon.png */; };
		D10399671B0DA8C300973E53 /* my_location_icon.png in Resources */ = {isa = PBXBuildFile; fileRef = D103993F1B0DA8C300973E53 /* my_location_icon.png */; };
		D10399681B0DA8C300973E53 /* my_location_icon_on.png in Resources */ = {isa = PBXBuildFile; fileRef = D10399401B0DA8C300973E53 /* my_location_icon_on.png */; };
		D10399691B0DA8C300973E53 /* splash.png in Resources */ = {isa = PBXBuildFile; fileRef = D10399411B0DA8C300973E53 /* splash.png */; };
		D103996A1B0DA8C300973E53 /* star_icon_big_off.png in Resources */ = {isa = PBXBuildFile; fileRef = D10399421B0DA8C300973E53 /* star_icon_big_off.png */; };
		D103996B1B0DA8C300973E53 /* star_icon_big_on.png in Resources */ = {isa = PBXBuildFile; fileRef = D10399431B0DA8C300973E53 /* star_icon_big_on.png */; };
		D103996C1B0DA8C300973E53 /* star_icon_small_on.png in Resources */ = {isa = PBXBuildFile; fileRef = D10399441B0DA8C300973E53 /* star_icon_small_on.png */; };
		D103996D1B0DA8C300973E53 /* splash.png in Resources */ = {isa = PBXBuildFile; fileRef = D10399451B0DA8C300973E53 /* splash.png */; };
		D10399701B0DCEFC00973E53 /* UIViewExtension.swift in Sources */ = {isa = PBXBuildFile; fileRef = D103996F1B0DCEFC00973E53 /* UIViewExtension.swift */; };
		D10399721B0DD07500973E53 /* PlaceMarker.swift in Sources */ = {isa = PBXBuildFile; fileRef = D10399711B0DD07500973E53 /* PlaceMarker.swift */; };
		D10399751B0DD1C400973E53 /* GooglePlace.swift in Sources */ = {isa = PBXBuildFile; fileRef = D10399741B0DD1C400973E53 /* GooglePlace.swift */; };
		D10399771B0DD3E400973E53 /* GoogleDataProvider.swift in Sources */ = {isa = PBXBuildFile; fileRef = D10399761B0DD3E400973E53 /* GoogleDataProvider.swift */; };
		D10399791B0DE48900973E53 /* MarkerInfoView.xib in Resources */ = {isa = PBXBuildFile; fileRef = D10399781B0DE48900973E53 /* MarkerInfoView.xib */; };
		D103997B1B0DE49600973E53 /* MarkerInfoView.swift in Sources */ = {isa = PBXBuildFile; fileRef = D103997A1B0DE49600973E53 /* MarkerInfoView.swift */; };
		D103997D1B14815A00973E53 /* FBSDKCoreKit.framework in Frameworks */ = {isa = PBXBuildFile; fileRef = D103997C1B14815A00973E53 /* FBSDKCoreKit.framework */; };
		D103997F1B14818600973E53 /* FBSDKLoginKit.framework in Frameworks */ = {isa = PBXBuildFile; fileRef = D103997E1B14818600973E53 /* FBSDKLoginKit.framework */; };
		D10399811B1481A700973E53 /* FBSDKShareKit.framework in Frameworks */ = {isa = PBXBuildFile; fileRef = D10399801B1481A700973E53 /* FBSDKShareKit.framework */; };
		D13B9A4A1B16B265002D69E3 /* GooglePlus.framework in Frameworks */ = {isa = PBXBuildFile; fileRef = D13B9A491B16B265002D69E3 /* GooglePlus.framework */; };
		D13B9A4C1B16B276002D69E3 /* GoogleOpenSource.framework in Frameworks */ = {isa = PBXBuildFile; fileRef = D13B9A4B1B16B276002D69E3 /* GoogleOpenSource.framework */; };
		D13B9A4E1B16B370002D69E3 /* GooglePlus.bundle in Resources */ = {isa = PBXBuildFile; fileRef = D13B9A4D1B16B370002D69E3 /* GooglePlus.bundle */; };
		D16C35E41B0B2400005E7678 /* GoogleMaps.framework in Frameworks */ = {isa = PBXBuildFile; fileRef = D16C35E31B0B2400005E7678 /* GoogleMaps.framework */; };
		D16C35E71B0B24F3005E7678 /* GoogleMaps.bundle in Resources */ = {isa = PBXBuildFile; fileRef = D16C35E61B0B24F3005E7678 /* GoogleMaps.bundle */; };
		D16C35E91B0B2535005E7678 /* AVFoundation.framework in Frameworks */ = {isa = PBXBuildFile; fileRef = D16C35E81B0B2535005E7678 /* AVFoundation.framework */; };
		D16C35EB1B0B2541005E7678 /* CoreData.framework in Frameworks */ = {isa = PBXBuildFile; fileRef = D16C35EA1B0B2541005E7678 /* CoreData.framework */; };
		D16C35ED1B0B254B005E7678 /* CoreLocation.framework in Frameworks */ = {isa = PBXBuildFile; fileRef = D16C35EC1B0B254B005E7678 /* CoreLocation.framework */; };
		D16C35EF1B0B2553005E7678 /* CoreText.framework in Frameworks */ = {isa = PBXBuildFile; fileRef = D16C35EE1B0B2553005E7678 /* CoreText.framework */; };
		D16C35F11B0B255C005E7678 /* GLKit.framework in Frameworks */ = {isa = PBXBuildFile; fileRef = D16C35F01B0B255C005E7678 /* GLKit.framework */; };
		D16C35F31B0B256B005E7678 /* ImageIO.framework in Frameworks */ = {isa = PBXBuildFile; fileRef = D16C35F21B0B256B005E7678 /* ImageIO.framework */; };
		D16C35F51B0C2DF1005E7678 /* libc++.dylib in Frameworks */ = {isa = PBXBuildFile; fileRef = D16C35F41B0C2DF1005E7678 /* libc++.dylib */; };
		D16C35F71B0C2E06005E7678 /* libicucore.dylib in Frameworks */ = {isa = PBXBuildFile; fileRef = D16C35F61B0C2E06005E7678 /* libicucore.dylib */; };
		D16C35F91B0C2E14005E7678 /* libz.dylib in Frameworks */ = {isa = PBXBuildFile; fileRef = D16C35F81B0C2E14005E7678 /* libz.dylib */; };
		D16C35FB1B0C2E1E005E7678 /* OpenGLES.framework in Frameworks */ = {isa = PBXBuildFile; fileRef = D16C35FA1B0C2E1E005E7678 /* OpenGLES.framework */; };
		D16C35FD1B0C2E29005E7678 /* QuartzCore.framework in Frameworks */ = {isa = PBXBuildFile; fileRef = D16C35FC1B0C2E29005E7678 /* QuartzCore.framework */; };
		D16C35FF1B0C2E37005E7678 /* SystemConfiguration.framework in Frameworks */ = {isa = PBXBuildFile; fileRef = D16C35FE1B0C2E37005E7678 /* SystemConfiguration.framework */; };
		D16C36021B0C38C2005E7678 /* GoogleMapTemp.m in Sources */ = {isa = PBXBuildFile; fileRef = D16C36011B0C38C2005E7678 /* GoogleMapTemp.m */; };
		D174AD6D1B156F400003ED2F /* Bolts.framework in Frameworks */ = {isa = PBXBuildFile; fileRef = D174AD6C1B156F400003ED2F /* Bolts.framework */; };
		D1C2E6CB1B05C08F006EAFCA /* AppDelegate.swift in Sources */ = {isa = PBXBuildFile; fileRef = D1C2E6CA1B05C08F006EAFCA /* AppDelegate.swift */; };
		D1C2E6D01B05C08F006EAFCA /* Main.storyboard in Resources */ = {isa = PBXBuildFile; fileRef = D1C2E6CE1B05C08F006EAFCA /* Main.storyboard */; };
		D1C2E6D21B05C08F006EAFCA /* Images.xcassets in Resources */ = {isa = PBXBuildFile; fileRef = D1C2E6D11B05C08F006EAFCA /* Images.xcassets */; };
		D1C2E6D51B05C08F006EAFCA /* LaunchScreen.xib in Resources */ = {isa = PBXBuildFile; fileRef = D1C2E6D31B05C08F006EAFCA /* LaunchScreen.xib */; };
		D1C2E6E11B05C08F006EAFCA /* MoverTests.swift in Sources */ = {isa = PBXBuildFile; fileRef = D1C2E6E01B05C08F006EAFCA /* MoverTests.swift */; };
/* End PBXBuildFile section */

/* Begin PBXContainerItemProxy section */
		D1C2E6DB1B05C08F006EAFCA /* PBXContainerItemProxy */ = {
			isa = PBXContainerItemProxy;
			containerPortal = D1C2E6BD1B05C08F006EAFCA /* Project object */;
			proxyType = 1;
			remoteGlobalIDString = D1C2E6C41B05C08F006EAFCA;
			remoteInfo = Mover;
		};
/* End PBXContainerItemProxy section */

/* Begin PBXFileReference section */
		D10399051B0D7B0C00973E53 /* IntroViewController.swift */ = {isa = PBXFileReference; fileEncoding = 4; lastKnownFileType = sourcecode.swift; path = IntroViewController.swift; sourceTree = "<group>"; };
		D10399061B0D7B0C00973E53 /* LoginViewController.swift */ = {isa = PBXFileReference; fileEncoding = 4; lastKnownFileType = sourcecode.swift; path = LoginViewController.swift; sourceTree = "<group>"; };
		D10399071B0D7B0C00973E53 /* MainViewController.swift */ = {isa = PBXFileReference; fileEncoding = 4; lastKnownFileType = sourcecode.swift; path = MainViewController.swift; sourceTree = "<group>"; };
		D10399081B0D7B0C00973E53 /* ViewController.swift */ = {isa = PBXFileReference; fileEncoding = 4; lastKnownFileType = sourcecode.swift; path = ViewController.swift; sourceTree = "<group>"; };
		D103991C1B0DA8C300973E53 /* actionbar_back_icon_off.png */ = {isa = PBXFileReference; lastKnownFileType = image.png; path = actionbar_back_icon_off.png; sourceTree = "<group>"; };
		D103991D1B0DA8C300973E53 /* actionbar_back_icon_on.png */ = {isa = PBXFileReference; lastKnownFileType = image.png; path = actionbar_back_icon_on.png; sourceTree = "<group>"; };
		D103991E1B0DA8C300973E53 /* actionbar_bg.png */ = {isa = PBXFileReference; lastKnownFileType = image.png; path = actionbar_bg.png; sourceTree = "<group>"; };
		D103991F1B0DA8C300973E53 /* actionbar_faster_icon.png */ = {isa = PBXFileReference; lastKnownFileType = image.png; path = actionbar_faster_icon.png; sourceTree = "<group>"; };
		D10399201B0DA8C300973E53 /* actionbar_helpdesk_icon.png */ = {isa = PBXFileReference; lastKnownFileType = image.png; path = actionbar_helpdesk_icon.png; sourceTree = "<group>"; };
		D10399211B0DA8C300973E53 /* actionbar_home_icon.png */ = {isa = PBXFileReference; lastKnownFileType = image.png; path = actionbar_home_icon.png; sourceTree = "<group>"; };
		D10399221B0DA8C300973E53 /* actionbar_login_icon.png */ = {isa = PBXFileReference; lastKnownFileType = image.png; path = actionbar_login_icon.png; sourceTree = "<group>"; };
		D10399231B0DA8C300973E53 /* actionbar_map_icon_off.png */ = {isa = PBXFileReference; lastKnownFileType = image.png; path = actionbar_map_icon_off.png; sourceTree = "<group>"; };
		D10399241B0DA8C300973E53 /* actionbar_map_icon_on.png */ = {isa = PBXFileReference; lastKnownFileType = image.png; path = actionbar_map_icon_on.png; sourceTree = "<group>"; };
		D10399251B0DA8C300973E53 /* actionbar_menu_icon_off.png */ = {isa = PBXFileReference; lastKnownFileType = image.png; path = actionbar_menu_icon_off.png; sourceTree = "<group>"; };
		D10399261B0DA8C300973E53 /* actionbar_menu_icon_on.png */ = {isa = PBXFileReference; lastKnownFileType = image.png; path = actionbar_menu_icon_on.png; sourceTree = "<group>"; };
		D10399271B0DA8C300973E53 /* actionbar_modify_icon.png */ = {isa = PBXFileReference; lastKnownFileType = image.png; path = actionbar_modify_icon.png; sourceTree = "<group>"; };
		D10399281B0DA8C300973E53 /* actionbar_please_icon_on.png */ = {isa = PBXFileReference; lastKnownFileType = image.png; path = actionbar_please_icon_on.png; sourceTree = "<group>"; };
		D10399291B0DA8C300973E53 /* actionbar_quick_icon_on.png */ = {isa = PBXFileReference; lastKnownFileType = image.png; path = actionbar_quick_icon_on.png; sourceTree = "<group>"; };
		D103992A1B0DA8C300973E53 /* actionbar_search_icon_off.png */ = {isa = PBXFileReference; lastKnownFileType = image.png; path = actionbar_search_icon_off.png; sourceTree = "<group>"; };
		D103992B1B0DA8C300973E53 /* actionbar_search_icon_on.png */ = {isa = PBXFileReference; lastKnownFileType = image.png; path = actionbar_search_icon_on.png; sourceTree = "<group>"; };
		D103992C1B0DA8C300973E53 /* actionbar_setting_icon.png */ = {isa = PBXFileReference; lastKnownFileType = image.png; path = actionbar_setting_icon.png; sourceTree = "<group>"; };
		D103992D1B0DA8C300973E53 /* actionbar_side_bg.png */ = {isa = PBXFileReference; lastKnownFileType = image.png; path = actionbar_side_bg.png; sourceTree = "<group>"; };
		D103992E1B0DA8C300973E53 /* actionbar_side_bg_dim.png */ = {isa = PBXFileReference; lastKnownFileType = image.png; path = actionbar_side_bg_dim.png; sourceTree = "<group>"; };
		D103992F1B0DA8C300973E53 /* actionbar_side_btn_on.png */ = {isa = PBXFileReference; lastKnownFileType = image.png; path = actionbar_side_btn_on.png; sourceTree = "<group>"; };
		D10399301B0DA8C300973E53 /* actionvar_side_underline_bar.png */ = {isa = PBXFileReference; lastKnownFileType = image.png; path = actionvar_side_underline_bar.png; sourceTree = "<group>"; };
		D10399321B0DA8C300973E53 /* intro_main_1.png */ = {isa = PBXFileReference; lastKnownFileType = image.png; path = intro_main_1.png; sourceTree = "<group>"; };
		D10399331B0DA8C300973E53 /* intro_main_2.png */ = {isa = PBXFileReference; lastKnownFileType = image.png; path = intro_main_2.png; sourceTree = "<group>"; };
		D10399341B0DA8C300973E53 /* intro_main_3.png */ = {isa = PBXFileReference; lastKnownFileType = image.png; path = intro_main_3.png; sourceTree = "<group>"; };
		D10399351B0DA8C300973E53 /* intro_main_4.png */ = {isa = PBXFileReference; lastKnownFileType = image.png; path = intro_main_4.png; sourceTree = "<group>"; };
		D10399361B0DA8C300973E53 /* login_view_1.png */ = {isa = PBXFileReference; lastKnownFileType = image.png; path = login_view_1.png; sourceTree = "<group>"; };
		D10399381B0DA8C300973E53 /* arrive_setting.9.png */ = {isa = PBXFileReference; lastKnownFileType = image.png; path = arrive_setting.9.png; sourceTree = "<group>"; };
		D10399391B0DA8C300973E53 /* bike_icon.png */ = {isa = PBXFileReference; lastKnownFileType = image.png; path = bike_icon.png; sourceTree = "<group>"; };
		D103993A1B0DA8C300973E53 /* car_icon.png */ = {isa = PBXFileReference; lastKnownFileType = image.png; path = car_icon.png; sourceTree = "<group>"; };
		D103993B1B0DA8C300973E53 /* marker_from.png */ = {isa = PBXFileReference; lastKnownFileType = image.png; path = marker_from.png; sourceTree = "<group>"; };
		D103993C1B0DA8C300973E53 /* marker_quick.png */ = {isa = PBXFileReference; lastKnownFileType = image.png; path = marker_quick.png; sourceTree = "<group>"; };
		D103993D1B0DA8C300973E53 /* marker_to.png */ = {isa = PBXFileReference; lastKnownFileType = image.png; path = marker_to.png; sourceTree = "<group>"; };
		D103993E1B0DA8C300973E53 /* mover_icon.png */ = {isa = PBXFileReference; lastKnownFileType = image.png; path = mover_icon.png; sourceTree = "<group>"; };
		D103993F1B0DA8C300973E53 /* my_location_icon.png */ = {isa = PBXFileReference; lastKnownFileType = image.png; path = my_location_icon.png; sourceTree = "<group>"; };
		D10399401B0DA8C300973E53 /* my_location_icon_on.png */ = {isa = PBXFileReference; lastKnownFileType = image.png; path = my_location_icon_on.png; sourceTree = "<group>"; };
		D10399411B0DA8C300973E53 /* splash.png */ = {isa = PBXFileReference; lastKnownFileType = image.png; path = splash.png; sourceTree = "<group>"; };
		D10399421B0DA8C300973E53 /* star_icon_big_off.png */ = {isa = PBXFileReference; lastKnownFileType = image.png; path = star_icon_big_off.png; sourceTree = "<group>"; };
		D10399431B0DA8C300973E53 /* star_icon_big_on.png */ = {isa = PBXFileReference; lastKnownFileType = image.png; path = star_icon_big_on.png; sourceTree = "<group>"; };
		D10399441B0DA8C300973E53 /* star_icon_small_on.png */ = {isa = PBXFileReference; lastKnownFileType = image.png; path = star_icon_small_on.png; sourceTree = "<group>"; };
		D10399451B0DA8C300973E53 /* splash.png */ = {isa = PBXFileReference; lastKnownFileType = image.png; path = splash.png; sourceTree = "<group>"; };
		D103996F1B0DCEFC00973E53 /* UIViewExtension.swift */ = {isa = PBXFileReference; fileEncoding = 4; lastKnownFileType = sourcecode.swift; path = UIViewExtension.swift; sourceTree = "<group>"; };
		D10399711B0DD07500973E53 /* PlaceMarker.swift */ = {isa = PBXFileReference; fileEncoding = 4; lastKnownFileType = sourcecode.swift; path = PlaceMarker.swift; sourceTree = "<group>"; };
		D10399741B0DD1C400973E53 /* GooglePlace.swift */ = {isa = PBXFileReference; fileEncoding = 4; lastKnownFileType = sourcecode.swift; path = GooglePlace.swift; sourceTree = "<group>"; };
		D10399761B0DD3E400973E53 /* GoogleDataProvider.swift */ = {isa = PBXFileReference; fileEncoding = 4; lastKnownFileType = sourcecode.swift; path = GoogleDataProvider.swift; sourceTree = "<group>"; };
		D10399781B0DE48900973E53 /* MarkerInfoView.xib */ = {isa = PBXFileReference; fileEncoding = 4; lastKnownFileType = file.xib; path = MarkerInfoView.xib; sourceTree = "<group>"; };
		D103997A1B0DE49600973E53 /* MarkerInfoView.swift */ = {isa = PBXFileReference; fileEncoding = 4; lastKnownFileType = sourcecode.swift; path = MarkerInfoView.swift; sourceTree = "<group>"; };
		D103997C1B14815A00973E53 /* FBSDKCoreKit.framework */ = {isa = PBXFileReference; lastKnownFileType = wrapper.framework; path = FBSDKCoreKit.framework; sourceTree = "<group>"; };
		D103997E1B14818600973E53 /* FBSDKLoginKit.framework */ = {isa = PBXFileReference; lastKnownFileType = wrapper.framework; path = FBSDKLoginKit.framework; sourceTree = "<group>"; };
		D10399801B1481A700973E53 /* FBSDKShareKit.framework */ = {isa = PBXFileReference; lastKnownFileType = wrapper.framework; path = FBSDKShareKit.framework; sourceTree = "<group>"; };
		D13B9A491B16B265002D69E3 /* GooglePlus.framework */ = {isa = PBXFileReference; lastKnownFileType = wrapper.framework; name = GooglePlus.framework; path = "Frameworks/google-plus-ios-sdk-1.7.1/GooglePlus.framework"; sourceTree = "<group>"; };
		D13B9A4B1B16B276002D69E3 /* GoogleOpenSource.framework */ = {isa = PBXFileReference; lastKnownFileType = wrapper.framework; name = GoogleOpenSource.framework; path = "Frameworks/google-plus-ios-sdk-1.7.1/GoogleOpenSource.framework"; sourceTree = "<group>"; };
		D13B9A4D1B16B370002D69E3 /* GooglePlus.bundle */ = {isa = PBXFileReference; lastKnownFileType = "wrapper.plug-in"; name = GooglePlus.bundle; path = "Frameworks/google-plus-ios-sdk-1.7.1/GooglePlus.bundle"; sourceTree = "<group>"; };
		D16C35E31B0B2400005E7678 /* GoogleMaps.framework */ = {isa = PBXFileReference; lastKnownFileType = wrapper.framework; path = GoogleMaps.framework; sourceTree = "<group>"; };
		D16C35E61B0B24F3005E7678 /* GoogleMaps.bundle */ = {isa = PBXFileReference; lastKnownFileType = "wrapper.plug-in"; name = GoogleMaps.bundle; path = GoogleMaps.framework/Versions/A/Resources/GoogleMaps.bundle; sourceTree = "<group>"; };
		D16C35E81B0B2535005E7678 /* AVFoundation.framework */ = {isa = PBXFileReference; lastKnownFileType = wrapper.framework; name = AVFoundation.framework; path = System/Library/Frameworks/AVFoundation.framework; sourceTree = SDKROOT; };
		D16C35EA1B0B2541005E7678 /* CoreData.framework */ = {isa = PBXFileReference; lastKnownFileType = wrapper.framework; name = CoreData.framework; path = System/Library/Frameworks/CoreData.framework; sourceTree = SDKROOT; };
		D16C35EC1B0B254B005E7678 /* CoreLocation.framework */ = {isa = PBXFileReference; lastKnownFileType = wrapper.framework; name = CoreLocation.framework; path = System/Library/Frameworks/CoreLocation.framework; sourceTree = SDKROOT; };
		D16C35EE1B0B2553005E7678 /* CoreText.framework */ = {isa = PBXFileReference; lastKnownFileType = wrapper.framework; name = CoreText.framework; path = System/Library/Frameworks/CoreText.framework; sourceTree = SDKROOT; };
		D16C35F01B0B255C005E7678 /* GLKit.framework */ = {isa = PBXFileReference; lastKnownFileType = wrapper.framework; name = GLKit.framework; path = System/Library/Frameworks/GLKit.framework; sourceTree = SDKROOT; };
		D16C35F21B0B256B005E7678 /* ImageIO.framework */ = {isa = PBXFileReference; lastKnownFileType = wrapper.framework; name = ImageIO.framework; path = System/Library/Frameworks/ImageIO.framework; sourceTree = SDKROOT; };
		D16C35F41B0C2DF1005E7678 /* libc++.dylib */ = {isa = PBXFileReference; lastKnownFileType = "compiled.mach-o.dylib"; name = "libc++.dylib"; path = "usr/lib/libc++.dylib"; sourceTree = SDKROOT; };
		D16C35F61B0C2E06005E7678 /* libicucore.dylib */ = {isa = PBXFileReference; lastKnownFileType = "compiled.mach-o.dylib"; name = libicucore.dylib; path = usr/lib/libicucore.dylib; sourceTree = SDKROOT; };
		D16C35F81B0C2E14005E7678 /* libz.dylib */ = {isa = PBXFileReference; lastKnownFileType = "compiled.mach-o.dylib"; name = libz.dylib; path = usr/lib/libz.dylib; sourceTree = SDKROOT; };
		D16C35FA1B0C2E1E005E7678 /* OpenGLES.framework */ = {isa = PBXFileReference; lastKnownFileType = wrapper.framework; name = OpenGLES.framework; path = System/Library/Frameworks/OpenGLES.framework; sourceTree = SDKROOT; };
		D16C35FC1B0C2E29005E7678 /* QuartzCore.framework */ = {isa = PBXFileReference; lastKnownFileType = wrapper.framework; name = QuartzCore.framework; path = System/Library/Frameworks/QuartzCore.framework; sourceTree = SDKROOT; };
		D16C35FE1B0C2E37005E7678 /* SystemConfiguration.framework */ = {isa = PBXFileReference; lastKnownFileType = wrapper.framework; name = SystemConfiguration.framework; path = System/Library/Frameworks/SystemConfiguration.framework; sourceTree = SDKROOT; };
		D16C36001B0C38C1005E7678 /* Mover-Bridging-Header.h */ = {isa = PBXFileReference; lastKnownFileType = sourcecode.c.h; path = "Mover-Bridging-Header.h"; sourceTree = "<group>"; };
		D16C36011B0C38C2005E7678 /* GoogleMapTemp.m */ = {isa = PBXFileReference; fileEncoding = 4; lastKnownFileType = sourcecode.c.objc; path = GoogleMapTemp.m; sourceTree = "<group>"; };
		D174AD6C1B156F400003ED2F /* Bolts.framework */ = {isa = PBXFileReference; lastKnownFileType = wrapper.framework; path = Bolts.framework; sourceTree = "<group>"; };
		D1C2E6C51B05C08F006EAFCA /* Mover.app */ = {isa = PBXFileReference; explicitFileType = wrapper.application; includeInIndex = 0; path = Mover.app; sourceTree = BUILT_PRODUCTS_DIR; };
		D1C2E6C91B05C08F006EAFCA /* Info.plist */ = {isa = PBXFileReference; lastKnownFileType = text.plist.xml; path = Info.plist; sourceTree = "<group>"; };
		D1C2E6CA1B05C08F006EAFCA /* AppDelegate.swift */ = {isa = PBXFileReference; lastKnownFileType = sourcecode.swift; path = AppDelegate.swift; sourceTree = "<group>"; };
		D1C2E6CF1B05C08F006EAFCA /* Base */ = {isa = PBXFileReference; lastKnownFileType = file.storyboard; name = Base; path = Base.lproj/Main.storyboard; sourceTree = "<group>"; };
		D1C2E6D11B05C08F006EAFCA /* Images.xcassets */ = {isa = PBXFileReference; lastKnownFileType = folder.assetcatalog; path = Images.xcassets; sourceTree = "<group>"; };
		D1C2E6D41B05C08F006EAFCA /* Base */ = {isa = PBXFileReference; lastKnownFileType = file.xib; name = Base; path = Base.lproj/LaunchScreen.xib; sourceTree = "<group>"; };
		D1C2E6DA1B05C08F006EAFCA /* MoverTests.xctest */ = {isa = PBXFileReference; explicitFileType = wrapper.cfbundle; includeInIndex = 0; path = MoverTests.xctest; sourceTree = BUILT_PRODUCTS_DIR; };
		D1C2E6DF1B05C08F006EAFCA /* Info.plist */ = {isa = PBXFileReference; lastKnownFileType = text.plist.xml; path = Info.plist; sourceTree = "<group>"; };
		D1C2E6E01B05C08F006EAFCA /* MoverTests.swift */ = {isa = PBXFileReference; lastKnownFileType = sourcecode.swift; path = MoverTests.swift; sourceTree = "<group>"; };
/* End PBXFileReference section */

/* Begin PBXFrameworksBuildPhase section */
		D1C2E6C21B05C08F006EAFCA /* Frameworks */ = {
			isa = PBXFrameworksBuildPhase;
			buildActionMask = 2147483647;
			files = (
				D16C35FF1B0C2E37005E7678 /* SystemConfiguration.framework in Frameworks */,
				D16C35FD1B0C2E29005E7678 /* QuartzCore.framework in Frameworks */,
				D13B9A4C1B16B276002D69E3 /* GoogleOpenSource.framework in Frameworks */,
				D103997F1B14818600973E53 /* FBSDKLoginKit.framework in Frameworks */,
				D16C35FB1B0C2E1E005E7678 /* OpenGLES.framework in Frameworks */,
				D16C35F91B0C2E14005E7678 /* libz.dylib in Frameworks */,
				D16C35F71B0C2E06005E7678 /* libicucore.dylib in Frameworks */,
				D16C35F51B0C2DF1005E7678 /* libc++.dylib in Frameworks */,
				D13B9A4A1B16B265002D69E3 /* GooglePlus.framework in Frameworks */,
				D16C35F31B0B256B005E7678 /* ImageIO.framework in Frameworks */,
				D10399811B1481A700973E53 /* FBSDKShareKit.framework in Frameworks */,
				D16C35F11B0B255C005E7678 /* GLKit.framework in Frameworks */,
				D16C35EF1B0B2553005E7678 /* CoreText.framework in Frameworks */,
				D16C35ED1B0B254B005E7678 /* CoreLocation.framework in Frameworks */,
				D174AD6D1B156F400003ED2F /* Bolts.framework in Frameworks */,
				D16C35EB1B0B2541005E7678 /* CoreData.framework in Frameworks */,
				D103997D1B14815A00973E53 /* FBSDKCoreKit.framework in Frameworks */,
				D16C35E91B0B2535005E7678 /* AVFoundation.framework in Frameworks */,
				D16C35E41B0B2400005E7678 /* GoogleMaps.framework in Frameworks */,
			);
			runOnlyForDeploymentPostprocessing = 0;
		};
		D1C2E6D71B05C08F006EAFCA /* Frameworks */ = {
			isa = PBXFrameworksBuildPhase;
			buildActionMask = 2147483647;
			files = (
			);
			runOnlyForDeploymentPostprocessing = 0;
		};
/* End PBXFrameworksBuildPhase section */

/* Begin PBXGroup section */
		D10399041B0D7B0C00973E53 /* Controllers */ = {
			isa = PBXGroup;
			children = (
				D10399051B0D7B0C00973E53 /* IntroViewController.swift */,
				D10399061B0D7B0C00973E53 /* LoginViewController.swift */,
				D10399071B0D7B0C00973E53 /* MainViewController.swift */,
				D10399081B0D7B0C00973E53 /* ViewController.swift */,
			);
			path = Controllers;
			sourceTree = "<group>";
		};
		D103991A1B0DA8C300973E53 /* Resource */ = {
			isa = PBXGroup;
			children = (
				D103991B1B0DA8C300973E53 /* actionbar */,
				D10399311B0DA8C300973E53 /* Intro */,
				D10399371B0DA8C300973E53 /* main */,
				D10399451B0DA8C300973E53 /* splash.png */,
			);
			name = Resource;
			path = Mover/Resource;
			sourceTree = "<group>";
		};
		D103991B1B0DA8C300973E53 /* actionbar */ = {
			isa = PBXGroup;
			children = (
				D103991C1B0DA8C300973E53 /* actionbar_back_icon_off.png */,
				D103991D1B0DA8C300973E53 /* actionbar_back_icon_on.png */,
				D103991E1B0DA8C300973E53 /* actionbar_bg.png */,
				D103991F1B0DA8C300973E53 /* actionbar_faster_icon.png */,
				D10399201B0DA8C300973E53 /* actionbar_helpdesk_icon.png */,
				D10399211B0DA8C300973E53 /* actionbar_home_icon.png */,
				D10399221B0DA8C300973E53 /* actionbar_login_icon.png */,
				D10399231B0DA8C300973E53 /* actionbar_map_icon_off.png */,
				D10399241B0DA8C300973E53 /* actionbar_map_icon_on.png */,
				D10399251B0DA8C300973E53 /* actionbar_menu_icon_off.png */,
				D10399261B0DA8C300973E53 /* actionbar_menu_icon_on.png */,
				D10399271B0DA8C300973E53 /* actionbar_modify_icon.png */,
				D10399281B0DA8C300973E53 /* actionbar_please_icon_on.png */,
				D10399291B0DA8C300973E53 /* actionbar_quick_icon_on.png */,
				D103992A1B0DA8C300973E53 /* actionbar_search_icon_off.png */,
				D103992B1B0DA8C300973E53 /* actionbar_search_icon_on.png */,
				D103992C1B0DA8C300973E53 /* actionbar_setting_icon.png */,
				D103992D1B0DA8C300973E53 /* actionbar_side_bg.png */,
				D103992E1B0DA8C300973E53 /* actionbar_side_bg_dim.png */,
				D103992F1B0DA8C300973E53 /* actionbar_side_btn_on.png */,
				D10399301B0DA8C300973E53 /* actionvar_side_underline_bar.png */,
			);
			path = actionbar;
			sourceTree = "<group>";
		};
		D10399311B0DA8C300973E53 /* Intro */ = {
			isa = PBXGroup;
			children = (
				D10399321B0DA8C300973E53 /* intro_main_1.png */,
				D10399331B0DA8C300973E53 /* intro_main_2.png */,
				D10399341B0DA8C300973E53 /* intro_main_3.png */,
				D10399351B0DA8C300973E53 /* intro_main_4.png */,
				D10399361B0DA8C300973E53 /* login_view_1.png */,
			);
			path = Intro;
			sourceTree = "<group>";
		};
		D10399371B0DA8C300973E53 /* main */ = {
			isa = PBXGroup;
			children = (
				D10399381B0DA8C300973E53 /* arrive_setting.9.png */,
				D10399391B0DA8C300973E53 /* bike_icon.png */,
				D103993A1B0DA8C300973E53 /* car_icon.png */,
				D103993B1B0DA8C300973E53 /* marker_from.png */,
				D103993C1B0DA8C300973E53 /* marker_quick.png */,
				D103993D1B0DA8C300973E53 /* marker_to.png */,
				D103993E1B0DA8C300973E53 /* mover_icon.png */,
				D103993F1B0DA8C300973E53 /* my_location_icon.png */,
				D10399401B0DA8C300973E53 /* my_location_icon_on.png */,
				D10399411B0DA8C300973E53 /* splash.png */,
				D10399421B0DA8C300973E53 /* star_icon_big_off.png */,
				D10399431B0DA8C300973E53 /* star_icon_big_on.png */,
				D10399441B0DA8C300973E53 /* star_icon_small_on.png */,
			);
			path = main;
			sourceTree = "<group>";
		};
		D103996E1B0DCEFC00973E53 /* Views */ = {
			isa = PBXGroup;
			children = (
				D10399711B0DD07500973E53 /* PlaceMarker.swift */,
				D103996F1B0DCEFC00973E53 /* UIViewExtension.swift */,
				D103997A1B0DE49600973E53 /* MarkerInfoView.swift */,
				D10399781B0DE48900973E53 /* MarkerInfoView.xib */,
			);
			path = Views;
			sourceTree = "<group>";
		};
		D10399731B0DD1C400973E53 /* Model */ = {
			isa = PBXGroup;
			children = (
				D10399761B0DD3E400973E53 /* GoogleDataProvider.swift */,
				D10399741B0DD1C400973E53 /* GooglePlace.swift */,
			);
			path = Model;
			sourceTree = "<group>";
		};
		D16C35E21B0B21BB005E7678 /* GoogleMap */ = {
			isa = PBXGroup;
			children = (
			);
			name = GoogleMap;
			sourceTree = "<group>";
		};
		D16C35E51B0B248F005E7678 /* Frameworks */ = {
			isa = PBXGroup;
			children = (
				D13B9A4D1B16B370002D69E3 /* GooglePlus.bundle */,
				D13B9A4B1B16B276002D69E3 /* GoogleOpenSource.framework */,
				D13B9A491B16B265002D69E3 /* GooglePlus.framework */,
				D174AD6C1B156F400003ED2F /* Bolts.framework */,
				D10399801B1481A700973E53 /* FBSDKShareKit.framework */,
				D103997E1B14818600973E53 /* FBSDKLoginKit.framework */,
				D103997C1B14815A00973E53 /* FBSDKCoreKit.framework */,
				D16C35E61B0B24F3005E7678 /* GoogleMaps.bundle */,
				D16C35FE1B0C2E37005E7678 /* SystemConfiguration.framework */,
				D16C35FC1B0C2E29005E7678 /* QuartzCore.framework */,
				D16C35FA1B0C2E1E005E7678 /* OpenGLES.framework */,
				D16C35F81B0C2E14005E7678 /* libz.dylib */,
				D16C35F61B0C2E06005E7678 /* libicucore.dylib */,
				D16C35F41B0C2DF1005E7678 /* libc++.dylib */,
				D16C35F21B0B256B005E7678 /* ImageIO.framework */,
				D16C35F01B0B255C005E7678 /* GLKit.framework */,
				D16C35EE1B0B2553005E7678 /* CoreText.framework */,
				D16C35EC1B0B254B005E7678 /* CoreLocation.framework */,
				D16C35EA1B0B2541005E7678 /* CoreData.framework */,
				D16C35E81B0B2535005E7678 /* AVFoundation.framework */,
				D16C35E31B0B2400005E7678 /* GoogleMaps.framework */,
			);
			name = Frameworks;
			sourceTree = "<group>";
		};
		D1C2E6BC1B05C08F006EAFCA = {
			isa = PBXGroup;
			children = (
				D1C2E6C71B05C08F006EAFCA /* Mover */,
				D103991A1B0DA8C300973E53 /* Resource */,
				D1C2E6DD1B05C08F006EAFCA /* MoverTests */,
				D1C2E6C61B05C08F006EAFCA /* Products */,
				D16C35E51B0B248F005E7678 /* Frameworks */,
			);
			sourceTree = "<group>";
		};
		D1C2E6C61B05C08F006EAFCA /* Products */ = {
			isa = PBXGroup;
			children = (
				D1C2E6C51B05C08F006EAFCA /* Mover.app */,
				D1C2E6DA1B05C08F006EAFCA /* MoverTests.xctest */,
			);
			name = Products;
			sourceTree = "<group>";
		};
		D1C2E6C71B05C08F006EAFCA /* Mover */ = {
			isa = PBXGroup;
			children = (
				D1C2E6CA1B05C08F006EAFCA /* AppDelegate.swift */,
				D10399041B0D7B0C00973E53 /* Controllers */,
				D103996E1B0DCEFC00973E53 /* Views */,
				D10399731B0DD1C400973E53 /* Model */,
				D16C35E21B0B21BB005E7678 /* GoogleMap */,
				D1C2E6CE1B05C08F006EAFCA /* Main.storyboard */,
				D1C2E6D11B05C08F006EAFCA /* Images.xcassets */,
				D1C2E6D31B05C08F006EAFCA /* LaunchScreen.xib */,
				D1C2E6C81B05C08F006EAFCA /* Supporting Files */,
			);
			path = Mover;
			sourceTree = "<group>";
		};
		D1C2E6C81B05C08F006EAFCA /* Supporting Files */ = {
			isa = PBXGroup;
			children = (
				D16C36011B0C38C2005E7678 /* GoogleMapTemp.m */,
				D16C36001B0C38C1005E7678 /* Mover-Bridging-Header.h */,
				D1C2E6C91B05C08F006EAFCA /* Info.plist */,
			);
			name = "Supporting Files";
			sourceTree = "<group>";
		};
		D1C2E6DD1B05C08F006EAFCA /* MoverTests */ = {
			isa = PBXGroup;
			children = (
				D1C2E6E01B05C08F006EAFCA /* MoverTests.swift */,
				D1C2E6DE1B05C08F006EAFCA /* Supporting Files */,
			);
			path = MoverTests;
			sourceTree = "<group>";
		};
		D1C2E6DE1B05C08F006EAFCA /* Supporting Files */ = {
			isa = PBXGroup;
			children = (
				D1C2E6DF1B05C08F006EAFCA /* Info.plist */,
			);
			name = "Supporting Files";
			sourceTree = "<group>";
		};
/* End PBXGroup section */

/* Begin PBXNativeTarget section */
		D1C2E6C41B05C08F006EAFCA /* Mover */ = {
			isa = PBXNativeTarget;
			buildConfigurationList = D1C2E6E41B05C08F006EAFCA /* Build configuration list for PBXNativeTarget "Mover" */;
			buildPhases = (
				D1C2E6C11B05C08F006EAFCA /* Sources */,
				D1C2E6C21B05C08F006EAFCA /* Frameworks */,
				D1C2E6C31B05C08F006EAFCA /* Resources */,
			);
			buildRules = (
			);
			dependencies = (
			);
			name = Mover;
			productName = Mover;
			productReference = D1C2E6C51B05C08F006EAFCA /* Mover.app */;
			productType = "com.apple.product-type.application";
		};
		D1C2E6D91B05C08F006EAFCA /* MoverTests */ = {
			isa = PBXNativeTarget;
			buildConfigurationList = D1C2E6E71B05C08F006EAFCA /* Build configuration list for PBXNativeTarget "MoverTests" */;
			buildPhases = (
				D1C2E6D61B05C08F006EAFCA /* Sources */,
				D1C2E6D71B05C08F006EAFCA /* Frameworks */,
				D1C2E6D81B05C08F006EAFCA /* Resources */,
			);
			buildRules = (
			);
			dependencies = (
				D1C2E6DC1B05C08F006EAFCA /* PBXTargetDependency */,
			);
			name = MoverTests;
			productName = MoverTests;
			productReference = D1C2E6DA1B05C08F006EAFCA /* MoverTests.xctest */;
			productType = "com.apple.product-type.bundle.unit-test";
		};
/* End PBXNativeTarget section */

/* Begin PBXProject section */
		D1C2E6BD1B05C08F006EAFCA /* Project object */ = {
			isa = PBXProject;
			attributes = {
				LastUpgradeCheck = 0630;
				ORGANIZATIONNAME = IHSOFT;
				TargetAttributes = {
					D1C2E6C41B05C08F006EAFCA = {
						CreatedOnToolsVersion = 6.3.1;
					};
					D1C2E6D91B05C08F006EAFCA = {
						CreatedOnToolsVersion = 6.3.1;
						TestTargetID = D1C2E6C41B05C08F006EAFCA;
					};
				};
			};
			buildConfigurationList = D1C2E6C01B05C08F006EAFCA /* Build configuration list for PBXProject "Mover" */;
			compatibilityVersion = "Xcode 3.2";
			developmentRegion = English;
			hasScannedForEncodings = 0;
			knownRegions = (
				en,
				Base,
			);
			mainGroup = D1C2E6BC1B05C08F006EAFCA;
			productRefGroup = D1C2E6C61B05C08F006EAFCA /* Products */;
			projectDirPath = "";
			projectRoot = "";
			targets = (
				D1C2E6C41B05C08F006EAFCA /* Mover */,
				D1C2E6D91B05C08F006EAFCA /* MoverTests */,
			);
		};
/* End PBXProject section */

/* Begin PBXResourcesBuildPhase section */
		D1C2E6C31B05C08F006EAFCA /* Resources */ = {
			isa = PBXResourcesBuildPhase;
			buildActionMask = 2147483647;
			files = (
				D1C2E6D01B05C08F006EAFCA /* Main.storyboard in Resources */,
				D10399631B0DA8C300973E53 /* marker_from.png in Resources */,
				D10399561B0DA8C300973E53 /* actionbar_setting_icon.png in Resources */,
				D1C2E6D51B05C08F006EAFCA /* LaunchScreen.xib in Resources */,
				D10399611B0DA8C300973E53 /* bike_icon.png in Resources */,
				D1C2E6D21B05C08F006EAFCA /* Images.xcassets in Resources */,
				D103994D1B0DA8C300973E53 /* actionbar_map_icon_off.png in Resources */,
				D10399791B0DE48900973E53 /* MarkerInfoView.xib in Resources */,
				D10399661B0DA8C300973E53 /* mover_icon.png in Resources */,
				D103996D1B0DA8C300973E53 /* splash.png in Resources */,
				D10399541B0DA8C300973E53 /* actionbar_search_icon_off.png in Resources */,
				D10399601B0DA8C300973E53 /* arrive_setting.9.png in Resources */,
				D103994C1B0DA8C300973E53 /* actionbar_login_icon.png in Resources */,
				D103994F1B0DA8C300973E53 /* actionbar_menu_icon_off.png in Resources */,
				D103994B1B0DA8C300973E53 /* actionbar_home_icon.png in Resources */,
				D10399491B0DA8C300973E53 /* actionbar_faster_icon.png in Resources */,
				D10399641B0DA8C300973E53 /* marker_quick.png in Resources */,
				D10399671B0DA8C300973E53 /* my_location_icon.png in Resources */,
				D10399461B0DA8C300973E53 /* actionbar_back_icon_off.png in Resources */,
				D10399521B0DA8C300973E53 /* actionbar_please_icon_on.png in Resources */,
				D10399621B0DA8C300973E53 /* car_icon.png in Resources */,
				D103994A1B0DA8C300973E53 /* actionbar_helpdesk_icon.png in Resources */,
				D103996B1B0DA8C300973E53 /* star_icon_big_on.png in Resources */,
				D10399681B0DA8C300973E53 /* my_location_icon_on.png in Resources */,
				D10399501B0DA8C300973E53 /* actionbar_menu_icon_on.png in Resources */,
				D10399581B0DA8C300973E53 /* actionbar_side_bg_dim.png in Resources */,
				D10399471B0DA8C300973E53 /* actionbar_back_icon_on.png in Resources */,
				D10399691B0DA8C300973E53 /* splash.png in Resources */,
				D10399481B0DA8C300973E53 /* actionbar_bg.png in Resources */,
				D103995A1B0DA8C300973E53 /* actionvar_side_underline_bar.png in Resources */,
				D103996C1B0DA8C300973E53 /* star_icon_small_on.png in Resources */,
				D103994E1B0DA8C300973E53 /* actionbar_map_icon_on.png in Resources */,
				D10399591B0DA8C300973E53 /* actionbar_side_btn_on.png in Resources */,
				D10399531B0DA8C300973E53 /* actionbar_quick_icon_on.png in Resources */,
				D103995C1B0DA8C300973E53 /* intro_main_2.png in Resources */,
				D103995B1B0DA8C300973E53 /* intro_main_1.png in Resources */,
				D10399651B0DA8C300973E53 /* marker_to.png in Resources */,
				D10399511B0DA8C300973E53 /* actionbar_modify_icon.png in Resources */,
				D10399571B0DA8C300973E53 /* actionbar_side_bg.png in Resources */,
				D103995E1B0DA8C300973E53 /* intro_main_4.png in Resources */,
				D103995F1B0DA8C300973E53 /* login_view_1.png in Resources */,
				D103995D1B0DA8C300973E53 /* intro_main_3.png in Resources */,
				D13B9A4E1B16B370002D69E3 /* GooglePlus.bundle in Resources */,
				D103996A1B0DA8C300973E53 /* star_icon_big_off.png in Resources */,
				D16C35E71B0B24F3005E7678 /* GoogleMaps.bundle in Resources */,
				D10399551B0DA8C300973E53 /* actionbar_search_icon_on.png in Resources */,
			);
			runOnlyForDeploymentPostprocessing = 0;
		};
		D1C2E6D81B05C08F006EAFCA /* Resources */ = {
			isa = PBXResourcesBuildPhase;
			buildActionMask = 2147483647;
			files = (
			);
			runOnlyForDeploymentPostprocessing = 0;
		};
/* End PBXResourcesBuildPhase section */

/* Begin PBXSourcesBuildPhase section */
		D1C2E6C11B05C08F006EAFCA /* Sources */ = {
			isa = PBXSourcesBuildPhase;
			buildActionMask = 2147483647;
			files = (
				D103990C1B0D7B0C00973E53 /* ViewController.swift in Sources */,
				D103990A1B0D7B0C00973E53 /* LoginViewController.swift in Sources */,
				D10399091B0D7B0C00973E53 /* IntroViewController.swift in Sources */,
				D10399721B0DD07500973E53 /* PlaceMarker.swift in Sources */,
				D16C36021B0C38C2005E7678 /* GoogleMapTemp.m in Sources */,
				D10399771B0DD3E400973E53 /* GoogleDataProvider.swift in Sources */,
				D10399701B0DCEFC00973E53 /* UIViewExtension.swift in Sources */,
				D1C2E6CB1B05C08F006EAFCA /* AppDelegate.swift in Sources */,
				D103997B1B0DE49600973E53 /* MarkerInfoView.swift in Sources */,
				D103990B1B0D7B0C00973E53 /* MainViewController.swift in Sources */,
				D10399751B0DD1C400973E53 /* GooglePlace.swift in Sources */,
			);
			runOnlyForDeploymentPostprocessing = 0;
		};
		D1C2E6D61B05C08F006EAFCA /* Sources */ = {
			isa = PBXSourcesBuildPhase;
			buildActionMask = 2147483647;
			files = (
				D1C2E6E11B05C08F006EAFCA /* MoverTests.swift in Sources */,
			);
			runOnlyForDeploymentPostprocessing = 0;
		};
/* End PBXSourcesBuildPhase section */

/* Begin PBXTargetDependency section */
		D1C2E6DC1B05C08F006EAFCA /* PBXTargetDependency */ = {
			isa = PBXTargetDependency;
			target = D1C2E6C41B05C08F006EAFCA /* Mover */;
			targetProxy = D1C2E6DB1B05C08F006EAFCA /* PBXContainerItemProxy */;
		};
/* End PBXTargetDependency section */

/* Begin PBXVariantGroup section */
		D1C2E6CE1B05C08F006EAFCA /* Main.storyboard */ = {
			isa = PBXVariantGroup;
			children = (
				D1C2E6CF1B05C08F006EAFCA /* Base */,
			);
			name = Main.storyboard;
			sourceTree = "<group>";
		};
		D1C2E6D31B05C08F006EAFCA /* LaunchScreen.xib */ = {
			isa = PBXVariantGroup;
			children = (
				D1C2E6D41B05C08F006EAFCA /* Base */,
			);
			name = LaunchScreen.xib;
			sourceTree = "<group>";
		};
/* End PBXVariantGroup section */

/* Begin XCBuildConfiguration section */
		D1C2E6E21B05C08F006EAFCA /* Debug */ = {
			isa = XCBuildConfiguration;
			buildSettings = {
				ALWAYS_SEARCH_USER_PATHS = NO;
				CLANG_CXX_LANGUAGE_STANDARD = "gnu++0x";
				CLANG_CXX_LIBRARY = "libc++";
				CLANG_ENABLE_MODULES = YES;
				CLANG_ENABLE_OBJC_ARC = YES;
				CLANG_WARN_BOOL_CONVERSION = YES;
				CLANG_WARN_CONSTANT_CONVERSION = YES;
				CLANG_WARN_DIRECT_OBJC_ISA_USAGE = YES_ERROR;
				CLANG_WARN_EMPTY_BODY = YES;
				CLANG_WARN_ENUM_CONVERSION = YES;
				CLANG_WARN_INT_CONVERSION = YES;
				CLANG_WARN_OBJC_ROOT_CLASS = YES_ERROR;
				CLANG_WARN_UNREACHABLE_CODE = YES;
				CLANG_WARN__DUPLICATE_METHOD_MATCH = YES;
				"CODE_SIGN_IDENTITY[sdk=iphoneos*]" = "iPhone Developer";
				COPY_PHASE_STRIP = NO;
				DEBUG_INFORMATION_FORMAT = "dwarf-with-dsym";
				ENABLE_STRICT_OBJC_MSGSEND = YES;
				GCC_C_LANGUAGE_STANDARD = gnu99;
				GCC_DYNAMIC_NO_PIC = NO;
				GCC_NO_COMMON_BLOCKS = YES;
				GCC_OPTIMIZATION_LEVEL = 0;
				GCC_PREPROCESSOR_DEFINITIONS = (
					"DEBUG=1",
					"$(inherited)",
				);
				GCC_SYMBOLS_PRIVATE_EXTERN = NO;
				GCC_WARN_64_TO_32_BIT_CONVERSION = YES;
				GCC_WARN_ABOUT_RETURN_TYPE = YES_ERROR;
				GCC_WARN_UNDECLARED_SELECTOR = YES;
				GCC_WARN_UNINITIALIZED_AUTOS = YES_AGGRESSIVE;
				GCC_WARN_UNUSED_FUNCTION = YES;
				GCC_WARN_UNUSED_VARIABLE = YES;
				IPHONEOS_DEPLOYMENT_TARGET = 8.3;
				MTL_ENABLE_DEBUG_INFO = YES;
				ONLY_ACTIVE_ARCH = YES;
				SDKROOT = iphoneos;
				SWIFT_OPTIMIZATION_LEVEL = "-Onone";
				TARGETED_DEVICE_FAMILY = "1,2";
			};
			name = Debug;
		};
		D1C2E6E31B05C08F006EAFCA /* Release */ = {
			isa = XCBuildConfiguration;
			buildSettings = {
				ALWAYS_SEARCH_USER_PATHS = NO;
				CLANG_CXX_LANGUAGE_STANDARD = "gnu++0x";
				CLANG_CXX_LIBRARY = "libc++";
				CLANG_ENABLE_MODULES = YES;
				CLANG_ENABLE_OBJC_ARC = YES;
				CLANG_WARN_BOOL_CONVERSION = YES;
				CLANG_WARN_CONSTANT_CONVERSION = YES;
				CLANG_WARN_DIRECT_OBJC_ISA_USAGE = YES_ERROR;
				CLANG_WARN_EMPTY_BODY = YES;
				CLANG_WARN_ENUM_CONVERSION = YES;
				CLANG_WARN_INT_CONVERSION = YES;
				CLANG_WARN_OBJC_ROOT_CLASS = YES_ERROR;
				CLANG_WARN_UNREACHABLE_CODE = YES;
				CLANG_WARN__DUPLICATE_METHOD_MATCH = YES;
				"CODE_SIGN_IDENTITY[sdk=iphoneos*]" = "iPhone Developer";
				COPY_PHASE_STRIP = NO;
				DEBUG_INFORMATION_FORMAT = "dwarf-with-dsym";
				ENABLE_NS_ASSERTIONS = NO;
				ENABLE_STRICT_OBJC_MSGSEND = YES;
				GCC_C_LANGUAGE_STANDARD = gnu99;
				GCC_NO_COMMON_BLOCKS = YES;
				GCC_WARN_64_TO_32_BIT_CONVERSION = YES;
				GCC_WARN_ABOUT_RETURN_TYPE = YES_ERROR;
				GCC_WARN_UNDECLARED_SELECTOR = YES;
				GCC_WARN_UNINITIALIZED_AUTOS = YES_AGGRESSIVE;
				GCC_WARN_UNUSED_FUNCTION = YES;
				GCC_WARN_UNUSED_VARIABLE = YES;
				IPHONEOS_DEPLOYMENT_TARGET = 8.3;
				MTL_ENABLE_DEBUG_INFO = NO;
				SDKROOT = iphoneos;
				TARGETED_DEVICE_FAMILY = "1,2";
				VALIDATE_PRODUCT = YES;
			};
			name = Release;
		};
		D1C2E6E51B05C08F006EAFCA /* Debug */ = {
			isa = XCBuildConfiguration;
			buildSettings = {
				ASSETCATALOG_COMPILER_APPICON_NAME = AppIcon;
				CLANG_ENABLE_MODULES = YES;
				FRAMEWORK_SEARCH_PATHS = (
					"$(inherited)",
					"$(PROJECT_DIR)",
					"$(PROJECT_DIR)/Frameworks/google-plus-ios-sdk-1.7.1",
				);
				INFOPLIST_FILE = Mover/Info.plist;
				LD_RUNPATH_SEARCH_PATHS = "$(inherited) @executable_path/Frameworks";
				OTHER_LDFLAGS = "-ObjC";
				PRODUCT_NAME = "$(TARGET_NAME)";
				SWIFT_OBJC_BRIDGING_HEADER = "Mover/Mover-Bridging-Header.h";
				SWIFT_OPTIMIZATION_LEVEL = "-Onone";
				TARGETED_DEVICE_FAMILY = 1;
			};
			name = Debug;
		};
		D1C2E6E61B05C08F006EAFCA /* Release */ = {
			isa = XCBuildConfiguration;
			buildSettings = {
				ASSETCATALOG_COMPILER_APPICON_NAME = AppIcon;
				CLANG_ENABLE_MODULES = YES;
				FRAMEWORK_SEARCH_PATHS = (
					"$(inherited)",
					"$(PROJECT_DIR)",
					"$(PROJECT_DIR)/Frameworks/google-plus-ios-sdk-1.7.1",
				);
				INFOPLIST_FILE = Mover/Info.plist;
				LD_RUNPATH_SEARCH_PATHS = "$(inherited) @executable_path/Frameworks";
				OTHER_LDFLAGS = "-ObjC";
				PRODUCT_NAME = "$(TARGET_NAME)";
				SWIFT_OBJC_BRIDGING_HEADER = "Mover/Mover-Bridging-Header.h";
				TARGETED_DEVICE_FAMILY = 1;
			};
			name = Release;
		};
		D1C2E6E81B05C08F006EAFCA /* Debug */ = {
			isa = XCBuildConfiguration;
			buildSettings = {
				BUNDLE_LOADER = "$(TEST_HOST)";
				FRAMEWORK_SEARCH_PATHS = (
					"$(SDKROOT)/Developer/Library/Frameworks",
					"$(inherited)",
				);
				GCC_PREPROCESSOR_DEFINITIONS = (
					"DEBUG=1",
					"$(inherited)",
				);
				INFOPLIST_FILE = MoverTests/Info.plist;
				LD_RUNPATH_SEARCH_PATHS = "$(inherited) @executable_path/Frameworks @loader_path/Frameworks";
				PRODUCT_NAME = "$(TARGET_NAME)";
				TEST_HOST = "$(BUILT_PRODUCTS_DIR)/Mover.app/Mover";
			};
			name = Debug;
		};
		D1C2E6E91B05C08F006EAFCA /* Release */ = {
			isa = XCBuildConfiguration;
			buildSettings = {
				BUNDLE_LOADER = "$(TEST_HOST)";
				FRAMEWORK_SEARCH_PATHS = (
					"$(SDKROOT)/Developer/Library/Frameworks",
					"$(inherited)",
				);
				INFOPLIST_FILE = MoverTests/Info.plist;
				LD_RUNPATH_SEARCH_PATHS = "$(inherited) @executable_path/Frameworks @loader_path/Frameworks";
				PRODUCT_NAME = "$(TARGET_NAME)";
				TEST_HOST = "$(BUILT_PRODUCTS_DIR)/Mover.app/Mover";
			};
			name = Release;
		};
/* End XCBuildConfiguration section */

/* Begin XCConfigurationList section */
		D1C2E6C01B05C08F006EAFCA /* Build configuration list for PBXProject "Mover" */ = {
			isa = XCConfigurationList;
			buildConfigurations = (
				D1C2E6E21B05C08F006EAFCA /* Debug */,
				D1C2E6E31B05C08F006EAFCA /* Release */,
			);
			defaultConfigurationIsVisible = 0;
			defaultConfigurationName = Release;
		};
		D1C2E6E41B05C08F006EAFCA /* Build configuration list for PBXNativeTarget "Mover" */ = {
			isa = XCConfigurationList;
			buildConfigurations = (
				D1C2E6E51B05C08F006EAFCA /* Debug */,
				D1C2E6E61B05C08F006EAFCA /* Release */,
			);
			defaultConfigurationIsVisible = 0;
			defaultConfigurationName = Release;
		};
		D1C2E6E71B05C08F006EAFCA /* Build configuration list for PBXNativeTarget "MoverTests" */ = {
			isa = XCConfigurationList;
			buildConfigurations = (
				D1C2E6E81B05C08F006EAFCA /* Debug */,
				D1C2E6E91B05C08F006EAFCA /* Release */,
			);
			defaultConfigurationIsVisible = 0;
			defaultConfigurationName = Release;
		};
/* End XCConfigurationList section */
	};
	rootObject = D1C2E6BD1B05C08F006EAFCA /* Project object */;
}
